{
  "nodes": {
    "dotfiles": {
      "flake": false,
      "locked": {
        "lastModified": 1777896703,
        "narHash": "sha256-Pkmxix5Y1eDu+hzeKUwuYwLiGMrZhgzKAPC6kikqiYk=",
        "owner": "halucineight",
        "repo": "dotfiles",
        "rev": "819568f6e509257a856ce50b07081eb6c651ca1c",
        "type": "github"
      },
      "original": {
        "owner": "halucineight",
        "repo": "dotfiles",
        "type": "github"
      }
    },
    "gruvshell": {
      "flake": false,
      "locked": {
        "lastModified": 1777620472,
        "narHash": "sha256-eyvA/7eeBtRcTpF2VJ+rfKJgG0Q01H1puxQF4LThkM8=",
        "owner": "halucineight",
        "repo": "gruvshell",
        "rev": "940c41d23bd156a9e986d871cc296a88dfbd2d45",
        "type": "github"
      },
      "original": {
        "owner": "halucineight",
        "repo": "gruvshell",
        "type": "github"
      }
    },
    "home-manager": {
      "inputs": {
        "nixpkgs": [
          "nixpkgs"
        ]
      },
      "locked": {
        "lastModified": 1777913624,
        "narHash": "sha256-4MwfrGuqjsnEORQbM3cmkmG/9cWhDV63dTDguDj4FXw=",
        "owner": "nix-community",
        "repo": "home-manager",
        "rev": "a89686d115e970e200eb2caa7603f3673050e00c",
        "type": "github"
      },
      "original": {
        "owner": "nix-community",
        "repo": "home-manager",
        "type": "github"
      }
    },
    "nixpkgs": {
      "locked": {
        "lastModified": 1777954456,
        "narHash": "sha256-hGdgeU2Nk87RAuZyYjyDjFL6LK7dAZN5RE9+hrDTkDU=",
        "owner": "nixos",
        "repo": "nixpkgs",
        "rev": "549bd84d6279f9852cae6225e372cc67fb91a4c1",
        "type": "github"
      },
      "original": {
        "owner": "nixos",
        "ref": "nixos-unstable",
        "repo": "nixpkgs",
        "type": "github"
      }
    },
    "quickshell": {
      "inputs": {
        "nixpkgs": [
          "nixpkgs"
        ]
      },
      "locked": {
        "lastModified": 1777871389,
        "narHash": "sha256-gU+VGpwGJ2vvg0mtYqVvj5u+2LteuHlpokH6JSAtueY=",
        "owner": "quickshell-mirror",
        "repo": "quickshell",
        "rev": "59e9c47b0eb48a9e4bcf9631fa062ee939bd2e83",
        "type": "github"
      },
      "original": {
        "owner": "quickshell-mirror",
        "repo": "quickshell",
        "type": "github"
      }
    },
    "root": {
      "inputs": {
        "dotfiles": "dotfiles",
        "gruvshell": "gruvshell",
        "home-manager": "home-manager",
        "nixpkgs": "nixpkgs",
        "quickshell": "quickshell"
      }
    }
  },
  "root": "root",
  "version": 7
}
