{
  "nodes": {
    "disko": {
      "inputs": {
        "nixpkgs": [
          "nixpkgs"
        ]
      },
      "locked": {
        "lastModified": 1779942106,
        "narHash": "sha256-81sATQ+hMCcsqFCN5UyhCoXXf62yQfKtzKzuiFXtdxA=",
        "owner": "nix-community",
        "repo": "disko",
        "rev": "36c1d04e85fc70f7b94f7434b1ea0a1a13bda4cd",
        "type": "github"
      },
      "original": {
        "owner": "nix-community",
        "repo": "disko",
        "type": "github"
      }
    },
    "dotfiles": {
      "flake": false,
      "locked": {
        "lastModified": 1778995678,
        "narHash": "sha256-6Io2Dc6dTV99Ub3IWaqxR7nU+VSrDcabAyzeE05Yv4I=",
        "owner": "halucineight",
        "repo": "dotfiles",
        "rev": "74ce11c70f6cf8b52ae9fb4435660bc576b21882",
        "type": "github"
      },
      "original": {
        "owner": "halucineight",
        "repo": "dotfiles",
        "type": "github"
      }
    },
    "gruvshell": {
      "flake": false,
      "locked": {
        "lastModified": 1780405078,
        "narHash": "sha256-mdY4lScod2DuFueSUKcprSIUpbCDkq1djOtv3kazz1M=",
        "owner": "halucineight",
        "repo": "gruvshell",
        "rev": "6eedd2a158214285740cd044e7fc0f75d076ef91",
        "type": "github"
      },
      "original": {
        "owner": "halucineight",
        "repo": "gruvshell",
        "type": "github"
      }
    },
    "home-manager": {
      "inputs": {
        "nixpkgs": [
          "nixpkgs"
        ]
      },
      "locked": {
        "lastModified": 1779726696,
        "narHash": "sha256-/p37CB5n6Wpw250b0Lq0CYwNq2D8uGKzDoBulyLcQqA=",
        "owner": "nix-community",
        "repo": "home-manager",
        "rev": "1a95e2efb477959b70b4a14c51035975c0481df6",
        "type": "github"
      },
      "original": {
        "owner": "nix-community",
        "repo": "home-manager",
        "type": "github"
      }
    },
    "nixpkgs": {
      "locked": {
        "lastModified": 1779560665,
        "narHash": "sha256-tpyBcxPpcQb8ukyNF7DoCwfSY3VPsxHoYwj00Cayv5o=",
        "owner": "nixos",
        "repo": "nixpkgs",
        "rev": "64c08a7ca051951c8eae34e3e3cb1e202fe36786",
        "type": "github"
      },
      "original": {
        "owner": "nixos",
        "ref": "nixos-unstable",
        "repo": "nixpkgs",
        "type": "github"
      }
    },
    "quickshell": {
      "inputs": {
        "nixpkgs": [
          "nixpkgs"
        ]
      },
      "locked": {
        "lastModified": 1779430452,
        "narHash": "sha256-zTslhsxLqUlRTML506iougTGzyR38Fzhzn7t4KDEuuE=",
        "owner": "quickshell-mirror",
        "repo": "quickshell",
        "rev": "4b4fca3224ab977dc515ac0bb78d00b3dfa71e00",
        "type": "github"
      },
      "original": {
        "owner": "quickshell-mirror",
        "repo": "quickshell",
        "type": "github"
      }
    },
    "root": {
      "inputs": {
        "disko": "disko",
        "dotfiles": "dotfiles",
        "gruvshell": "gruvshell",
        "home-manager": "home-manager",
        "nixpkgs": "nixpkgs",
        "quickshell": "quickshell"
      }
    }
  },
  "root": "root",
  "version": 7
}
