{
  "nodes": {
    "disko": {
      "inputs": {
        "nixpkgs": [
          "nixpkgs"
        ]
      },
      "locked": {
        "lastModified": 1779942106,
        "narHash": "sha256-81sATQ+hMCcsqFCN5UyhCoXXf62yQfKtzKzuiFXtdxA=",
        "owner": "nix-community",
        "repo": "disko",
        "rev": "36c1d04e85fc70f7b94f7434b1ea0a1a13bda4cd",
        "type": "github"
      },
      "original": {
        "owner": "nix-community",
        "repo": "disko",
        "type": "github"
      }
    },
    "dotfiles": {
      "flake": false,
      "locked": {
        "lastModified": 1783259420,
        "narHash": "sha256-ByGc3XDVRLUMtRIbQbiNRRf6earxh2WozLU6FuK7CqU=",
        "owner": "halucineight",
        "repo": "dotfiles",
        "rev": "6599b7ad52b351bafcc349594b88e6ed222d59bf",
        "type": "github"
      },
      "original": {
        "owner": "halucineight",
        "repo": "dotfiles",
        "type": "github"
      }
    },
    "gruvshell": {
      "flake": false,
      "locked": {
        "lastModified": 1780405078,
        "narHash": "sha256-mdY4lScod2DuFueSUKcprSIUpbCDkq1djOtv3kazz1M=",
        "owner": "halucineight",
        "repo": "gruvshell",
        "rev": "6eedd2a158214285740cd044e7fc0f75d076ef91",
        "type": "github"
      },
      "original": {
        "owner": "halucineight",
        "repo": "gruvshell",
        "type": "github"
      }
    },
    "home-manager": {
      "inputs": {
        "nixpkgs": [
          "nixpkgs"
        ]
      },
      "locked": {
        "lastModified": 1779726696,
        "narHash": "sha256-/p37CB5n6Wpw250b0Lq0CYwNq2D8uGKzDoBulyLcQqA=",
        "owner": "nix-community",
        "repo": "home-manager",
        "rev": "1a95e2efb477959b70b4a14c51035975c0481df6",
        "type": "github"
      },
      "original": {
        "owner": "nix-community",
        "repo": "home-manager",
        "type": "github"
      }
    },
    "nixpkgs": {
      "locked": {
        "lastModified": 1784120854,
        "narHash": "sha256-Pjytpyqs/h6Kfs46Pcj+upOCqq0/Wwq81YSSeko7ChM=",
        "rev": "753cc8a3a87467296ddd1fa93f0cc3e81120ee46",
        "type": "tarball",
        "url": "https://releases.nixos.org/nixos/unstable/nixos-26.11pre1035164.753cc8a3a874/nixexprs.tar.xz"
      },
      "original": {
        "type": "tarball",
        "url": "https://nixos.org/channels/nixos-unstable/nixexprs.tar.xz"
      }
    },
    "quickshell": {
      "inputs": {
        "nixpkgs": [
          "nixpkgs"
        ]
      },
      "locked": {
        "lastModified": 1782811879,
        "narHash": "sha256-7YAUrV8YoDFnvOtFAGzdMVgNh25h7nOg3PxjRmLAHaE=",
        "owner": "quickshell-mirror",
        "repo": "quickshell",
        "rev": "1661ef100a431a470ed2c42e6d06539b77edf826",
        "type": "github"
      },
      "original": {
        "owner": "quickshell-mirror",
        "repo": "quickshell",
        "type": "github"
      }
    },
    "root": {
      "inputs": {
        "disko": "disko",
        "dotfiles": "dotfiles",
        "gruvshell": "gruvshell",
        "home-manager": "home-manager",
        "nixpkgs": "nixpkgs",
        "quickshell": "quickshell"
      }
    }
  },
  "root": "root",
  "version": 7
}
